
Microsoft Visual Studio Solution File, Format Version 12.00
# Visual Studio Version 16
VisualStudioVersion = 16.0.30804.86
MinimumVisualStudioVersion = 10.0.40219.1
Project("{9A19103F-16F7-4668-BE54-9A1E7A4F7556}") = "StockInfo", "StockInfo\StockInfo.csproj", "{98317E14-1750-47F3-9CBA-7AE88C83D063}"
EndProject
Project("{FAE04EC0-301F-11D3-BF4B-00C04F79EFBC}") = "StockInfoWindowsApp", "StockInfoWindowsApp\StockInfoWindowsApp.csproj", "{DF643D7A-738F-4573-BCB5-E0867ABCE2CD}"
EndProject
Global
	GlobalSection(SolutionConfigurationPlatforms) = preSolution
		Debug|Any CPU = Debug|Any CPU
		Release|Any CPU = Release|Any CPU
	EndGlobalSection
	GlobalSection(ProjectConfigurationPlatforms) = postSolution
		{98317E14-1750-47F3-9CBA-7AE88C83D063}.Debug|Any CPU.ActiveCfg = Debug|Any CPU
		{98317E14-1750-47F3-9CBA-7AE88C83D063}.Debug|Any CPU.Build.0 = Debug|Any CPU
		{98317E14-1750-47F3-9CBA-7AE88C83D063}.Release|Any CPU.ActiveCfg = Release|Any CPU
		{98317E14-1750-47F3-9CBA-7AE88C83D063}.Release|Any CPU.Build.0 = Release|Any CPU
		{DF643D7A-738F-4573-BCB5-E0867ABCE2CD}.Debug|Any CPU.ActiveCfg = Debug|Any CPU
		{DF643D7A-738F-4573-BCB5-E0867ABCE2CD}.Debug|Any CPU.Build.0 = Debug|Any CPU
		{DF643D7A-738F-4573-BCB5-E0867ABCE2CD}.Release|Any CPU.ActiveCfg = Release|Any CPU
		{DF643D7A-738F-4573-BCB5-E0867ABCE2CD}.Release|Any CPU.Build.0 = Release|Any CPU
	EndGlobalSection
	GlobalSection(SolutionProperties) = preSolution
		HideSolutionNode = FALSE
	EndGlobalSection
	GlobalSection(ExtensibilityGlobals) = postSolution
		SolutionGuid = {6F2A0846-4B1A-481C-B6F4-6A8857806BE5}
	EndGlobalSection
EndGlobal
